
Microsoft Visual Studio Solution File, Format Version 12.00
# Visual Studio Version 16
VisualStudioVersion = 16.0.30621.155
MinimumVisualStudioVersion = 10.0.40219.1
Project("{FAE04EC0-301F-11D3-BF4B-00C04F79EFBC}") = "BFG", "BFG\BFG.csproj", "{947D22B7-AD6E-40CD-8D8B-9A8CCF41EFEE}"
EndProject
Global
	GlobalSection(SolutionConfigurationPlatforms) = preSolution
		Debug|Any CPU = Debug|Any CPU
		Release|Any CPU = Release|Any CPU
	EndGlobalSection
	GlobalSection(ProjectConfigurationPlatforms) = postSolution
		{947D22B7-AD6E-40CD-8D8B-9A8CCF41EFEE}.Debug|Any CPU.ActiveCfg = Debug|Any CPU
		{947D22B7-AD6E-40CD-8D8B-9A8CCF41EFEE}.Debug|Any CPU.Build.0 = Debug|Any CPU
		{947D22B7-AD6E-40CD-8D8B-9A8CCF41EFEE}.Release|Any CPU.ActiveCfg = Release|Any CPU
		{947D22B7-AD6E-40CD-8D8B-9A8CCF41EFEE}.Release|Any CPU.Build.0 = Release|Any CPU
	EndGlobalSection
	GlobalSection(SolutionProperties) = preSolution
		HideSolutionNode = FALSE
	EndGlobalSection
	GlobalSection(ExtensibilityGlobals) = postSolution
		SolutionGuid = {8F2258CA-DBBF-4087-B875-F34605922686}
	EndGlobalSection
EndGlobal
